
Microsoft Visual Studio Solution File, Format Version 12.00
# Visual Studio Version 17
VisualStudioVersion = 17.9.34607.119
MinimumVisualStudioVersion = 10.0.40219.1
Project("{9A19103F-16F7-4668-BE54-9A1E7A4F7556}") = "Server", "Server\Server.csproj", "{FF46592C-BAC3-477F-B121-9BD355B1BA72}"
EndProject
Project("{9A19103F-16F7-4668-BE54-9A1E7A4F7556}") = "Klient", "Klient\Klient.csproj", "{FBF71CE8-6772-4689-92A4-DC48A4FB806F}"
EndProject
Project("{FAE04EC0-301F-11D3-BF4B-00C04F79EFBC}") = "LibraryTrackingProgram", "LibraryTrackingProgram\LibraryTrackingProgram.csproj", "{4AB13C93-AC3C-4576-87CF-37F80CBCC979}"
EndProject
Global
	GlobalSection(SolutionConfigurationPlatforms) = preSolution
		Debug|Any CPU = Debug|Any CPU
		Release|Any CPU = Release|Any CPU
	EndGlobalSection
	GlobalSection(ProjectConfigurationPlatforms) = postSolution
		{FF46592C-BAC3-477F-B121-9BD355B1BA72}.Debug|Any CPU.ActiveCfg = Debug|Any CPU
		{FF46592C-BAC3-477F-B121-9BD355B1BA72}.Debug|Any CPU.Build.0 = Debug|Any CPU
		{FF46592C-BAC3-477F-B121-9BD355B1BA72}.Release|Any CPU.ActiveCfg = Release|Any CPU
		{FF46592C-BAC3-477F-B121-9BD355B1BA72}.Release|Any CPU.Build.0 = Release|Any CPU
		{FBF71CE8-6772-4689-92A4-DC48A4FB806F}.Debug|Any CPU.ActiveCfg = Debug|Any CPU
		{FBF71CE8-6772-4689-92A4-DC48A4FB806F}.Debug|Any CPU.Build.0 = Debug|Any CPU
		{FBF71CE8-6772-4689-92A4-DC48A4FB806F}.Release|Any CPU.ActiveCfg = Release|Any CPU
		{FBF71CE8-6772-4689-92A4-DC48A4FB806F}.Release|Any CPU.Build.0 = Release|Any CPU
		{4AB13C93-AC3C-4576-87CF-37F80CBCC979}.Debug|Any CPU.ActiveCfg = Debug|Any CPU
		{4AB13C93-AC3C-4576-87CF-37F80CBCC979}.Debug|Any CPU.Build.0 = Debug|Any CPU
		{4AB13C93-AC3C-4576-87CF-37F80CBCC979}.Release|Any CPU.ActiveCfg = Release|Any CPU
		{4AB13C93-AC3C-4576-87CF-37F80CBCC979}.Release|Any CPU.Build.0 = Release|Any CPU
	EndGlobalSection
	GlobalSection(SolutionProperties) = preSolution
		HideSolutionNode = FALSE
	EndGlobalSection
	GlobalSection(ExtensibilityGlobals) = postSolution
		SolutionGuid = {6D0D5041-1DBA-473C-A5D2-2DCCDA756F59}
	EndGlobalSection
EndGlobal
